// !$*UTF8*$!
{
	archiveVersion = 1;
	classes = {
	};
	objectVersion = 77;
	objects = {

/* Begin PBXBuildFile section */
		F99E676D2F29241A00C7E439 /* GRDB in Frameworks */ = {isa = PBXBuildFile; productRef = F99E676C2F29241A00C7E439 /* GRDB */; };
		F99E67C02F29B9ED00C7E439 /* Tokenizers in Frameworks */ = {isa = PBXBuildFile; productRef = F99E67BF2F29B9ED00C7E439 /* Tokenizers */; };
/* End PBXBuildFile section */

/* Begin PBXContainerItemProxy section */
		F99E674C2F291FCA00C7E439 /* PBXContainerItemProxy */ = {
			isa = PBXContainerItemProxy;
			containerPortal = F99E67362F291FC900C7E439 /* Project object */;
			proxyType = 1;
			remoteGlobalIDString = F99E673D2F291FC900C7E439;
			remoteInfo = MediVault;
		};
		F99E67562F291FCA00C7E439 /* PBXContainerItemProxy */ = {
			isa = PBXContainerItemProxy;
			containerPortal = F99E67362F291FC900C7E439 /* Project object */;
			proxyType = 1;
			remoteGlobalIDString = F99E673D2F291FC900C7E439;
			remoteInfo = MediVault;
		};
/* End PBXContainerItemProxy section */

/* Begin PBXFileReference section */
		F99E673E2F291FC900C7E439 /* MediVault.app */ = {isa = PBXFileReference; explicitFileType = wrapper.application; includeInIndex = 0; path = MediVault.app; sourceTree = BUILT_PRODUCTS_DIR; };
		F99E674B2F291FCA00C7E439 /* MediVaultTests.xctest */ = {isa = PBXFileReference; explicitFileType = wrapper.cfbundle; includeInIndex = 0; path = MediVaultTests.xctest; sourceTree = BUILT_PRODUCTS_DIR; };
		F99E67552F291FCA00C7E439 /* MediVaultUITests.xctest */ = {isa = PBXFileReference; explicitFileType = wrapper.cfbundle; includeInIndex = 0; path = MediVaultUITests.xctest; sourceTree = BUILT_PRODUCTS_DIR; };
/* End PBXFileReference section */

/* Begin PBXFileSystemSynchronizedBuildFileExceptionSet section */
		F99E676A2F29220F00C7E439 /* Exceptions for "MediVault" folder in "MediVault" target */ = {
			isa = PBXFileSystemSynchronizedBuildFileExceptionSet;
			membershipExceptions = (
				Info.plist,
				Resources/Models/float16_model.mlpackage,
			);
			target = F99E673D2F291FC900C7E439 /* MediVault */;
		};
/* End PBXFileSystemSynchronizedBuildFileExceptionSet section */

/* Begin PBXFileSystemSynchronizedGroupBuildPhaseMembershipExceptionSet section */
		F99E67CB2F29C73C00C7E439 /* Exceptions for "MediVault" folder in "Copy Bundle Resources" phase from "MediVault" target */ = {
			isa = PBXFileSystemSynchronizedGroupBuildPhaseMembershipExceptionSet;
			buildPhase = F99E673C2F291FC900C7E439 /* Resources */;
			membershipExceptions = (
				Resources/Models/float16_model.mlpackage,
			);
		};
/* End PBXFileSystemSynchronizedGroupBuildPhaseMembershipExceptionSet section */

/* Begin PBXFileSystemSynchronizedRootGroup section */
		F99E67402F291FC900C7E439 /* MediVault */ = {
			isa = PBXFileSystemSynchronizedRootGroup;
			exceptions = (
				F99E676A2F29220F00C7E439 /* Exceptions for "MediVault" folder in "MediVault" target */,
				F99E67CB2F29C73C00C7E439 /* Exceptions for "MediVault" folder in "Copy Bundle Resources" phase from "MediVault" target */,
			);
			path = MediVault;
			sourceTree = "<group>";
		};
		F99E674E2F291FCA00C7E439 /* MediVaultTests */ = {
			isa = PBXFileSystemSynchronizedRootGroup;
			path = MediVaultTests;
			sourceTree = "<group>";
		};
		F99E67582F291FCA00C7E439 /* MediVaultUITests */ = {
			isa = PBXFileSystemSynchronizedRootGroup;
			path = MediVaultUITests;
			sourceTree = "<group>";
		};
/* End PBXFileSystemSynchronizedRootGroup section */

/* Begin PBXFrameworksBuildPhase section */
		F99E673B2F291FC900C7E439 /* Frameworks */ = {
			isa = PBXFrameworksBuildPhase;
			buildActionMask = 2147483647;
			files = (
				F99E67C02F29B9ED00C7E439 /* Tokenizers in Frameworks */,
				F99E676D2F29241A00C7E439 /* GRDB in Frameworks */,
			);
			runOnlyForDeploymentPostprocessing = 0;
		};
		F99E67482F291FCA00C7E439 /* Frameworks */ = {
			isa = PBXFrameworksBuildPhase;
			buildActionMask = 2147483647;
			files = (
			);
			runOnlyForDeploymentPostprocessing = 0;
		};
		F99E67522F291FCA00C7E439 /* Frameworks */ = {
			isa = PBXFrameworksBuildPhase;
			buildActionMask = 2147483647;
			files = (
			);
			runOnlyForDeploymentPostprocessing = 0;
		};
/* End PBXFrameworksBuildPhase section */

/* Begin PBXGroup section */
		F99E67352F291FC900C7E439 = {
			isa = PBXGroup;
			children = (
				F99E67402F291FC900C7E439 /* MediVault */,
				F99E674E2F291FCA00C7E439 /* MediVaultTests */,
				F99E67582F291FCA00C7E439 /* MediVaultUITests */,
				F99E673F2F291FC900C7E439 /* Products */,
			);
			sourceTree = "<group>";
		};
		F99E673F2F291FC900C7E439 /* Products */ = {
			isa = PBXGroup;
			children = (
				F99E673E2F291FC900C7E439 /* MediVault.app */,
				F99E674B2F291FCA00C7E439 /* MediVaultTests.xctest */,
				F99E67552F291FCA00C7E439 /* MediVaultUITests.xctest */,
			);
			name = Products;
			sourceTree = "<group>";
		};
/* End PBXGroup section */

/* Begin PBXNativeTarget section */
		F99E673D2F291FC900C7E439 /* MediVault */ = {
			isa = PBXNativeTarget;
			buildConfigurationList = F99E675F2F291FCA00C7E439 /* Build configuration list for PBXNativeTarget "MediVault" */;
			buildPhases = (
				F99E673A2F291FC900C7E439 /* Sources */,
				F99E673B2F291FC900C7E439 /* Frameworks */,
				F99E673C2F291FC900C7E439 /* Resources */,
			);
			buildRules = (
			);
			dependencies = (
			);
			fileSystemSynchronizedGroups = (
				F99E67402F291FC900C7E439 /* MediVault */,
			);
			name = MediVault;
			packageProductDependencies = (
				F99E676C2F29241A00C7E439 /* GRDB */,
				F99E67BF2F29B9ED00C7E439 /* Tokenizers */,
			);
			productName = MediVault;
			productReference = F99E673E2F291FC900C7E439 /* MediVault.app */;
			productType = "com.apple.product-type.application";
		};
		F99E674A2F291FCA00C7E439 /* MediVaultTests */ = {
			isa = PBXNativeTarget;
			buildConfigurationList = F99E67622F291FCA00C7E439 /* Build configuration list for PBXNativeTarget "MediVaultTests" */;
			buildPhases = (
				F99E67472F291FCA00C7E439 /* Sources */,
				F99E67482F291FCA00C7E439 /* Frameworks */,
				F99E67492F291FCA00C7E439 /* Resources */,
			);
			buildRules = (
			);
			dependencies = (
				F99E674D2F291FCA00C7E439 /* PBXTargetDependency */,
			);
			fileSystemSynchronizedGroups = (
				F99E674E2F291FCA00C7E439 /* MediVaultTests */,
			);
			name = MediVaultTests;
			packageProductDependencies = (
			);
			productName = MediVaultTests;
			productReference = F99E674B2F291FCA00C7E439 /* MediVaultTests.xctest */;
			productType = "com.apple.product-type.bundle.unit-test";
		};
		F99E67542F291FCA00C7E439 /* MediVaultUITests */ = {
			isa = PBXNativeTarget;
			buildConfigurationList = F99E67652F291FCA00C7E439 /* Build configuration list for PBXNativeTarget "MediVaultUITests" */;
			buildPhases = (
				F99E67512F291FCA00C7E439 /* Sources */,
				F99E67522F291FCA00C7E439 /* Frameworks */,
				F99E67532F291FCA00C7E439 /* Resources */,
			);
			buildRules = (
			);
			dependencies = (
				F99E67572F291FCA00C7E439 /* PBXTargetDependency */,
			);
			fileSystemSynchronizedGroups = (
				F99E67582F291FCA00C7E439 /* MediVaultUITests */,
			);
			name = MediVaultUITests;
			packageProductDependencies = (
			);
			productName = MediVaultUITests;
			productReference = F99E67552F291FCA00C7E439 /* MediVaultUITests.xctest */;
			productType = "com.apple.product-type.bundle.ui-testing";
		};
/* End PBXNativeTarget section */

/* Begin PBXProject section */
		F99E67362F291FC900C7E439 /* Project object */ = {
			isa = PBXProject;
			attributes = {
				BuildIndependentTargetsInParallel = 1;
				LastSwiftUpdateCheck = 2620;
				LastUpgradeCheck = 2620;
				TargetAttributes = {
					F99E673D2F291FC900C7E439 = {
						CreatedOnToolsVersion = 26.2;
					};
					F99E674A2F291FCA00C7E439 = {
						CreatedOnToolsVersion = 26.2;
						TestTargetID = F99E673D2F291FC900C7E439;
					};
					F99E67542F291FCA00C7E439 = {
						CreatedOnToolsVersion = 26.2;
						TestTargetID = F99E673D2F291FC900C7E439;
					};
				};
			};
			buildConfigurationList = F99E67392F291FC900C7E439 /* Build configuration list for PBXProject "MediVault" */;
			developmentRegion = en;
			hasScannedForEncodings = 0;
			knownRegions = (
				en,
				Base,
			);
			mainGroup = F99E67352F291FC900C7E439;
			minimizedProjectReferenceProxies = 1;
			packageReferences = (
				F99E676B2F29241A00C7E439 /* XCRemoteSwiftPackageReference "GRDB" */,
				F99E67BE2F29B9ED00C7E439 /* XCRemoteSwiftPackageReference "swift-transformers" */,
			);
			preferredProjectObjectVersion = 77;
			productRefGroup = F99E673F2F291FC900C7E439 /* Products */;
			projectDirPath = "";
			projectRoot = "";
			targets = (
				F99E673D2F291FC900C7E439 /* MediVault */,
				F99E674A2F291FCA00C7E439 /* MediVaultTests */,
				F99E67542F291FCA00C7E439 /* MediVaultUITests */,
			);
		};
/* End PBXProject section */

/* Begin PBXResourcesBuildPhase section */
		F99E673C2F291FC900C7E439 /* Resources */ = {
			isa = PBXResourcesBuildPhase;
			buildActionMask = 2147483647;
			files = (
			);
			runOnlyForDeploymentPostprocessing = 0;
		};
		F99E67492F291FCA00C7E439 /* Resources */ = {
			isa = PBXResourcesBuildPhase;
			buildActionMask = 2147483647;
			files = (
			);
			runOnlyForDeploymentPostprocessing = 0;
		};
		F99E67532F291FCA00C7E439 /* Resources */ = {
			isa = PBXResourcesBuildPhase;
			buildActionMask = 2147483647;
			files = (
			);
			runOnlyForDeploymentPostprocessing = 0;
		};
/* End PBXResourcesBuildPhase section */

/* Begin PBXSourcesBuildPhase section */
		F99E673A2F291FC900C7E439 /* Sources */ = {
			isa = PBXSourcesBuildPhase;
			buildActionMask = 2147483647;
			files = (
			);
			runOnlyForDeploymentPostprocessing = 0;
		};
		F99E67472F291FCA00C7E439 /* Sources */ = {
			isa = PBXSourcesBuildPhase;
			buildActionMask = 2147483647;
			files = (
			);
			runOnlyForDeploymentPostprocessing = 0;
		};
		F99E67512F291FCA00C7E439 /* Sources */ = {
			isa = PBXSourcesBuildPhase;
			buildActionMask = 2147483647;
			files = (
			);
			runOnlyForDeploymentPostprocessing = 0;
		};
/* End PBXSourcesBuildPhase section */

/* Begin PBXTargetDependency section */
		F99E674D2F291FCA00C7E439 /* PBXTargetDependency */ = {
			isa = PBXTargetDependency;
			target = F99E673D2F291FC900C7E439 /* MediVault */;
			targetProxy = F99E674C2F291FCA00C7E439 /* PBXContainerItemProxy */;
		};
		F99E67572F291FCA00C7E439 /* PBXTargetDependency */ = {
			isa = PBXTargetDependency;
			target = F99E673D2F291FC900C7E439 /* MediVault */;
			targetProxy = F99E67562F291FCA00C7E439 /* PBXContainerItemProxy */;
		};
/* End PBXTargetDependency section */

/* Begin XCBuildConfiguration section */
		F99E675D2F291FCA00C7E439 /* Debug */ = {
			isa = XCBuildConfiguration;
			buildSettings = {
				ALWAYS_SEARCH_USER_PATHS = NO;
				ASSETCATALOG_COMPILER_GENERATE_SWIFT_ASSET_SYMBOL_EXTENSIONS = YES;
				CLANG_ANALYZER_NONNULL = YES;
				CLANG_ANALYZER_NUMBER_OBJECT_CONVERSION = YES_AGGRESSIVE;
				CLANG_CXX_LANGUAGE_STANDARD = "gnu++20";
				CLANG_ENABLE_MODULES = YES;
				CLANG_ENABLE_OBJC_ARC = YES;
				CLANG_ENABLE_OBJC_WEAK = YES;
				CLANG_WARN_BLOCK_CAPTURE_AUTORELEASING = YES;
				CLANG_WARN_BOOL_CONVERSION = YES;
				CLANG_WARN_COMMA = YES;
				CLANG_WARN_CONSTANT_CONVERSION = YES;
				CLANG_WARN_DEPRECATED_OBJC_IMPLEMENTATIONS = YES;
				CLANG_WARN_DIRECT_OBJC_ISA_USAGE = YES_ERROR;
				CLANG_WARN_DOCUMENTATION_COMMENTS = YES;
				CLANG_WARN_EMPTY_BODY = YES;
				CLANG_WARN_ENUM_CONVERSION = YES;
				CLANG_WARN_INFINITE_RECURSION = YES;
				CLANG_WARN_INT_CONVERSION = YES;
				CLANG_WARN_NON_LITERAL_NULL_CONVERSION = YES;
				CLANG_WARN_OBJC_IMPLICIT_RETAIN_SELF = YES;
				CLANG_WARN_OBJC_LITERAL_CONVERSION = YES;
				CLANG_WARN_OBJC_ROOT_CLASS = YES_ERROR;
				CLANG_WARN_QUOTED_INCLUDE_IN_FRAMEWORK_HEADER = YES;
				CLANG_WARN_RANGE_LOOP_ANALYSIS = YES;
				CLANG_WARN_STRICT_PROTOTYPES = YES;
				CLANG_WARN_SUSPICIOUS_MOVE = YES;
				CLANG_WARN_UNGUARDED_AVAILABILITY = YES_AGGRESSIVE;
				CLANG_WARN_UNREACHABLE_CODE = YES;
				CLANG_WARN__DUPLICATE_METHOD_MATCH = YES;
				COPY_PHASE_STRIP = NO;
				DEBUG_INFORMATION_FORMAT = dwarf;
				DEVELOPMENT_TEAM = LW697C6GXC;
				ENABLE_STRICT_OBJC_MSGSEND = YES;
				ENABLE_TESTABILITY = YES;
				ENABLE_USER_SCRIPT_SANDBOXING = YES;
				GCC_C_LANGUAGE_STANDARD = gnu17;
				GCC_DYNAMIC_NO_PIC = NO;
				GCC_NO_COMMON_BLOCKS = YES;
				GCC_OPTIMIZATION_LEVEL = 0;
				GCC_PREPROCESSOR_DEFINITIONS = (
					"DEBUG=1",
					"$(inherited)",
				);
				GCC_WARN_64_TO_32_BIT_CONVERSION = YES;
				GCC_WARN_ABOUT_RETURN_TYPE = YES_ERROR;
				GCC_WARN_UNDECLARED_SELECTOR = YES;
				GCC_WARN_UNINITIALIZED_AUTOS = YES_AGGRESSIVE;
				GCC_WARN_UNUSED_FUNCTION = YES;
				GCC_WARN_UNUSED_VARIABLE = YES;
				IPHONEOS_DEPLOYMENT_TARGET = 26.2;
				LOCALIZATION_PREFERS_STRING_CATALOGS = YES;
				MTL_ENABLE_DEBUG_INFO = INCLUDE_SOURCE;
				MTL_FAST_MATH = YES;
				ONLY_ACTIVE_ARCH = YES;
				SDKROOT = iphoneos;
				SWIFT_ACTIVE_COMPILATION_CONDITIONS = "DEBUG $(inherited)";
				SWIFT_OPTIMIZATION_LEVEL = "-Onone";
			};
			name = Debug;
		};
		F99E675E2F291FCA00C7E439 /* Release */ = {
			isa = XCBuildConfiguration;
			buildSettings = {
				ALWAYS_SEARCH_USER_PATHS = NO;
				ASSETCATALOG_COMPILER_GENERATE_SWIFT_ASSET_SYMBOL_EXTENSIONS = YES;
				CLANG_ANALYZER_NONNULL = YES;
				CLANG_ANALYZER_NUMBER_OBJECT_CONVERSION = YES_AGGRESSIVE;
				CLANG_CXX_LANGUAGE_STANDARD = "gnu++20";
				CLANG_ENABLE_MODULES = YES;
				CLANG_ENABLE_OBJC_ARC = YES;
				CLANG_ENABLE_OBJC_WEAK = YES;
				CLANG_WARN_BLOCK_CAPTURE_AUTORELEASING = YES;
				CLANG_WARN_BOOL_CONVERSION = YES;
				CLANG_WARN_COMMA = YES;
				CLANG_WARN_CONSTANT_CONVERSION = YES;
				CLANG_WARN_DEPRECATED_OBJC_IMPLEMENTATIONS = YES;
				CLANG_WARN_DIRECT_OBJC_ISA_USAGE = YES_ERROR;
				CLANG_WARN_DOCUMENTATION_COMMENTS = YES;
				CLANG_WARN_EMPTY_BODY = YES;
				CLANG_WARN_ENUM_CONVERSION = YES;
				CLANG_WARN_INFINITE_RECURSION = YES;
				CLANG_WARN_INT_CONVERSION = YES;
				CLANG_WARN_NON_LITERAL_NULL_CONVERSION = YES;
				CLANG_WARN_OBJC_IMPLICIT_RETAIN_SELF = YES;
				CLANG_WARN_OBJC_LITERAL_CONVERSION = YES;
				CLANG_WARN_OBJC_ROOT_CLASS = YES_ERROR;
				CLANG_WARN_QUOTED_INCLUDE_IN_FRAMEWORK_HEADER = YES;
				CLANG_WARN_RANGE_LOOP_ANALYSIS = YES;
				CLANG_WARN_STRICT_PROTOTYPES = YES;
				CLANG_WARN_SUSPICIOUS_MOVE = YES;
				CLANG_WARN_UNGUARDED_AVAILABILITY = YES_AGGRESSIVE;
				CLANG_WARN_UNREACHABLE_CODE = YES;
				CLANG_WARN__DUPLICATE_METHOD_MATCH = YES;
				COPY_PHASE_STRIP = NO;
				DEBUG_INFORMATION_FORMAT = "dwarf-with-dsym";
				DEVELOPMENT_TEAM = LW697C6GXC;
				ENABLE_NS_ASSERTIONS = NO;
				ENABLE_STRICT_OBJC_MSGSEND = YES;
				ENABLE_USER_SCRIPT_SANDBOXING = YES;
				GCC_C_LANGUAGE_STANDARD = gnu17;
				GCC_NO_COMMON_BLOCKS = YES;
				GCC_WARN_64_TO_32_BIT_CONVERSION = YES;
				GCC_WARN_ABOUT_RETURN_TYPE = YES_ERROR;
				GCC_WARN_UNDECLARED_SELECTOR = YES;
				GCC_WARN_UNINITIALIZED_AUTOS = YES_AGGRESSIVE;
				GCC_WARN_UNUSED_FUNCTION = YES;
				GCC_WARN_UNUSED_VARIABLE = YES;
				IPHONEOS_DEPLOYMENT_TARGET = 26.2;
				LOCALIZATION_PREFERS_STRING_CATALOGS = YES;
				MTL_ENABLE_DEBUG_INFO = NO;
				MTL_FAST_MATH = YES;
				SDKROOT = iphoneos;
				SWIFT_COMPILATION_MODE = wholemodule;
				VALIDATE_PRODUCT = YES;
			};
			name = Release;
		};
		F99E67602F291FCA00C7E439 /* Debug */ = {
			isa = XCBuildConfiguration;
			buildSettings = {
				ASSETCATALOG_COMPILER_APPICON_NAME = AppIcon;
				ASSETCATALOG_COMPILER_GLOBAL_ACCENT_COLOR_NAME = AccentColor;
				CODE_SIGN_ENTITLEMENTS = MediVault/MediVault.entitlements;
				CODE_SIGN_STYLE = Automatic;
				CURRENT_PROJECT_VERSION = 1;
				DEVELOPMENT_TEAM = LW697C6GXC;
				ENABLE_PREVIEWS = YES;
				GENERATE_INFOPLIST_FILE = YES;
				INFOPLIST_FILE = MediVault/Info.plist;
				INFOPLIST_KEY_NSCameraUsageDescription = "MediVault needs camera access to scan medical documents.";
				INFOPLIST_KEY_NSPhotoLibraryUsageDescription = "MediVault needs Photo Library access to scan medical documents.";
				INFOPLIST_KEY_UIApplicationSceneManifest_Generation = YES;
				INFOPLIST_KEY_UIApplicationSupportsIndirectInputEvents = YES;
				INFOPLIST_KEY_UILaunchScreen_Generation = YES;
				INFOPLIST_KEY_UISupportedInterfaceOrientations_iPad = "UIInterfaceOrientationPortrait UIInterfaceOrientationPortraitUpsideDown UIInterfaceOrientationLandscapeLeft UIInterfaceOrientationLandscapeRight";
				INFOPLIST_KEY_UISupportedInterfaceOrientations_iPhone = "UIInterfaceOrientationPortrait UIInterfaceOrientationLandscapeLeft UIInterfaceOrientationLandscapeRight";
				LD_RUNPATH_SEARCH_PATHS = (
					"$(inherited)",
					"@executable_path/Frameworks",
				);
				MARKETING_VERSION = 1.0;
				PRODUCT_BUNDLE_IDENTIFIER = com.jst.MediVault;
				PRODUCT_NAME = "$(TARGET_NAME)";
				STRING_CATALOG_GENERATE_SYMBOLS = YES;
				SUPPORTED_PLATFORMS = "iphoneos iphonesimulator";
				SUPPORTS_MACCATALYST = NO;
				SUPPORTS_MAC_DESIGNED_FOR_IPHONE_IPAD = NO;
				SUPPORTS_XR_DESIGNED_FOR_IPHONE_IPAD = NO;
				SWIFT_APPROACHABLE_CONCURRENCY = YES;
				SWIFT_DEFAULT_ACTOR_ISOLATION = MainActor;
				SWIFT_EMIT_LOC_STRINGS = YES;
				SWIFT_UPCOMING_FEATURE_MEMBER_IMPORT_VISIBILITY = YES;
				SWIFT_VERSION = 5.0;
				TARGETED_DEVICE_FAMILY = 1;
			};
			name = Debug;
		};
		F99E67612F291FCA00C7E439 /* Release */ = {
			isa = XCBuildConfiguration;
			buildSettings = {
				ASSETCATALOG_COMPILER_APPICON_NAME = AppIcon;
				ASSETCATALOG_COMPILER_GLOBAL_ACCENT_COLOR_NAME = AccentColor;
				CODE_SIGN_ENTITLEMENTS = MediVault/MediVault.entitlements;
				CODE_SIGN_STYLE = Automatic;
				CURRENT_PROJECT_VERSION = 1;
				DEVELOPMENT_TEAM = LW697C6GXC;
				ENABLE_PREVIEWS = YES;
				GENERATE_INFOPLIST_FILE = YES;
				INFOPLIST_FILE = MediVault/Info.plist;
				INFOPLIST_KEY_NSCameraUsageDescription = "MediVault needs camera access to scan medical documents.";
				INFOPLIST_KEY_NSPhotoLibraryUsageDescription = "MediVault needs Photo Library access to scan medical documents.";
				INFOPLIST_KEY_UIApplicationSceneManifest_Generation = YES;
				INFOPLIST_KEY_UIApplicationSupportsIndirectInputEvents = YES;
				INFOPLIST_KEY_UILaunchScreen_Generation = YES;
				INFOPLIST_KEY_UISupportedInterfaceOrientations_iPad = "UIInterfaceOrientationPortrait UIInterfaceOrientationPortraitUpsideDown UIInterfaceOrientationLandscapeLeft UIInterfaceOrientationLandscapeRight";
				INFOPLIST_KEY_UISupportedInterfaceOrientations_iPhone = "UIInterfaceOrientationPortrait UIInterfaceOrientationLandscapeLeft UIInterfaceOrientationLandscapeRight";
				LD_RUNPATH_SEARCH_PATHS = (
					"$(inherited)",
					"@executable_path/Frameworks",
				);
				MARKETING_VERSION = 1.0;
				PRODUCT_BUNDLE_IDENTIFIER = com.jst.MediVault;
				PRODUCT_NAME = "$(TARGET_NAME)";
				STRING_CATALOG_GENERATE_SYMBOLS = YES;
				SUPPORTED_PLATFORMS = "iphoneos iphonesimulator";
				SUPPORTS_MACCATALYST = NO;
				SUPPORTS_MAC_DESIGNED_FOR_IPHONE_IPAD = NO;
				SUPPORTS_XR_DESIGNED_FOR_IPHONE_IPAD = NO;
				SWIFT_APPROACHABLE_CONCURRENCY = YES;
				SWIFT_DEFAULT_ACTOR_ISOLATION = MainActor;
				SWIFT_EMIT_LOC_STRINGS = YES;
				SWIFT_UPCOMING_FEATURE_MEMBER_IMPORT_VISIBILITY = YES;
				SWIFT_VERSION = 5.0;
				TARGETED_DEVICE_FAMILY = 1;
			};
			name = Release;
		};
		F99E67632F291FCA00C7E439 /* Debug */ = {
			isa = XCBuildConfiguration;
			buildSettings = {
				BUNDLE_LOADER = "$(TEST_HOST)";
				CODE_SIGN_STYLE = Automatic;
				CURRENT_PROJECT_VERSION = 1;
				DEVELOPMENT_TEAM = LW697C6GXC;
				GENERATE_INFOPLIST_FILE = YES;
				IPHONEOS_DEPLOYMENT_TARGET = 26.2;
				MARKETING_VERSION = 1.0;
				PRODUCT_BUNDLE_IDENTIFIER = com.jst.MediVaultTests;
				PRODUCT_NAME = "$(TARGET_NAME)";
				STRING_CATALOG_GENERATE_SYMBOLS = NO;
				SWIFT_APPROACHABLE_CONCURRENCY = YES;
				SWIFT_EMIT_LOC_STRINGS = NO;
				SWIFT_UPCOMING_FEATURE_MEMBER_IMPORT_VISIBILITY = YES;
				SWIFT_VERSION = 5.0;
				TARGETED_DEVICE_FAMILY = "1,2";
				TEST_HOST = "$(BUILT_PRODUCTS_DIR)/MediVault.app/$(BUNDLE_EXECUTABLE_FOLDER_PATH)/MediVault";
			};
			name = Debug;
		};
		F99E67642F291FCA00C7E439 /* Release */ = {
			isa = XCBuildConfiguration;
			buildSettings = {
				BUNDLE_LOADER = "$(TEST_HOST)";
				CODE_SIGN_STYLE = Automatic;
				CURRENT_PROJECT_VERSION = 1;
				DEVELOPMENT_TEAM = LW697C6GXC;
				GENERATE_INFOPLIST_FILE = YES;
				IPHONEOS_DEPLOYMENT_TARGET = 26.2;
				MARKETING_VERSION = 1.0;
				PRODUCT_BUNDLE_IDENTIFIER = com.jst.MediVaultTests;
				PRODUCT_NAME = "$(TARGET_NAME)";
				STRING_CATALOG_GENERATE_SYMBOLS = NO;
				SWIFT_APPROACHABLE_CONCURRENCY = YES;
				SWIFT_EMIT_LOC_STRINGS = NO;
				SWIFT_UPCOMING_FEATURE_MEMBER_IMPORT_VISIBILITY = YES;
				SWIFT_VERSION = 5.0;
				TARGETED_DEVICE_FAMILY = "1,2";
				TEST_HOST = "$(BUILT_PRODUCTS_DIR)/MediVault.app/$(BUNDLE_EXECUTABLE_FOLDER_PATH)/MediVault";
			};
			name = Release;
		};
		F99E67662F291FCA00C7E439 /* Debug */ = {
			isa = XCBuildConfiguration;
			buildSettings = {
				CODE_SIGN_STYLE = Automatic;
				CURRENT_PROJECT_VERSION = 1;
				DEVELOPMENT_TEAM = LW697C6GXC;
				GENERATE_INFOPLIST_FILE = YES;
				MARKETING_VERSION = 1.0;
				PRODUCT_BUNDLE_IDENTIFIER = com.jst.MediVaultUITests;
				PRODUCT_NAME = "$(TARGET_NAME)";
				STRING_CATALOG_GENERATE_SYMBOLS = NO;
				SWIFT_APPROACHABLE_CONCURRENCY = YES;
				SWIFT_EMIT_LOC_STRINGS = NO;
				SWIFT_UPCOMING_FEATURE_MEMBER_IMPORT_VISIBILITY = YES;
				SWIFT_VERSION = 5.0;
				TARGETED_DEVICE_FAMILY = "1,2";
				TEST_TARGET_NAME = MediVault;
			};
			name = Debug;
		};
		F99E67672F291FCA00C7E439 /* Release */ = {
			isa = XCBuildConfiguration;
			buildSettings = {
				CODE_SIGN_STYLE = Automatic;
				CURRENT_PROJECT_VERSION = 1;
				DEVELOPMENT_TEAM = LW697C6GXC;
				GENERATE_INFOPLIST_FILE = YES;
				MARKETING_VERSION = 1.0;
				PRODUCT_BUNDLE_IDENTIFIER = com.jst.MediVaultUITests;
				PRODUCT_NAME = "$(TARGET_NAME)";
				STRING_CATALOG_GENERATE_SYMBOLS = NO;
				SWIFT_APPROACHABLE_CONCURRENCY = YES;
				SWIFT_EMIT_LOC_STRINGS = NO;
				SWIFT_UPCOMING_FEATURE_MEMBER_IMPORT_VISIBILITY = YES;
				SWIFT_VERSION = 5.0;
				TARGETED_DEVICE_FAMILY = "1,2";
				TEST_TARGET_NAME = MediVault;
			};
			name = Release;
		};
/* End XCBuildConfiguration section */

/* Begin XCConfigurationList section */
		F99E67392F291FC900C7E439 /* Build configuration list for PBXProject "MediVault" */ = {
			isa = XCConfigurationList;
			buildConfigurations = (
				F99E675D2F291FCA00C7E439 /* Debug */,
				F99E675E2F291FCA00C7E439 /* Release */,
			);
			defaultConfigurationIsVisible = 0;
			defaultConfigurationName = Release;
		};
		F99E675F2F291FCA00C7E439 /* Build configuration list for PBXNativeTarget "MediVault" */ = {
			isa = XCConfigurationList;
			buildConfigurations = (
				F99E67602F291FCA00C7E439 /* Debug */,
				F99E67612F291FCA00C7E439 /* Release */,
			);
			defaultConfigurationIsVisible = 0;
			defaultConfigurationName = Release;
		};
		F99E67622F291FCA00C7E439 /* Build configuration list for PBXNativeTarget "MediVaultTests" */ = {
			isa = XCConfigurationList;
			buildConfigurations = (
				F99E67632F291FCA00C7E439 /* Debug */,
				F99E67642F291FCA00C7E439 /* Release */,
			);
			defaultConfigurationIsVisible = 0;
			defaultConfigurationName = Release;
		};
		F99E67652F291FCA00C7E439 /* Build configuration list for PBXNativeTarget "MediVaultUITests" */ = {
			isa = XCConfigurationList;
			buildConfigurations = (
				F99E67662F291FCA00C7E439 /* Debug */,
				F99E67672F291FCA00C7E439 /* Release */,
			);
			defaultConfigurationIsVisible = 0;
			defaultConfigurationName = Release;
		};
/* End XCConfigurationList section */

/* Begin XCRemoteSwiftPackageReference section */
		F99E676B2F29241A00C7E439 /* XCRemoteSwiftPackageReference "GRDB" */ = {
			isa = XCRemoteSwiftPackageReference;
			repositoryURL = "https://github.com/groue/GRDB.swift";
			requirement = {
				kind = upToNextMajorVersion;
				minimumVersion = 7.0.0;
			};
		};
		F99E67BE2F29B9ED00C7E439 /* XCRemoteSwiftPackageReference "swift-transformers" */ = {
			isa = XCRemoteSwiftPackageReference;
			repositoryURL = "https://github.com/huggingface/swift-transformers";
			requirement = {
				kind = upToNextMajorVersion;
				minimumVersion = 1.1.6;
			};
		};
/* End XCRemoteSwiftPackageReference section */

/* Begin XCSwiftPackageProductDependency section */
		F99E676C2F29241A00C7E439 /* GRDB */ = {
			isa = XCSwiftPackageProductDependency;
			package = F99E676B2F29241A00C7E439 /* XCRemoteSwiftPackageReference "GRDB" */;
			productName = GRDB;
		};
		F99E67BF2F29B9ED00C7E439 /* Tokenizers */ = {
			isa = XCSwiftPackageProductDependency;
			package = F99E67BE2F29B9ED00C7E439 /* XCRemoteSwiftPackageReference "swift-transformers" */;
			productName = Tokenizers;
		};
/* End XCSwiftPackageProductDependency section */
	};
	rootObject = F99E67362F291FC900C7E439 /* Project object */;
}
